
Microsoft Visual Studio Solution File, Format Version 12.00
# Visual Studio 15
VisualStudioVersion = 15.0.26430.16
MinimumVisualStudioVersion = 10.0.40219.1
Project("{FAE04EC0-301F-11D3-BF4B-00C04F79EFBC}") = "NoteTaker.Droid", "NoteTaker.Droid\NoteTaker.Droid.csproj", "{78A68995-EC52-4EF6-8804-E995E7659EE9}"
EndProject
Project("{FAE04EC0-301F-11D3-BF4B-00C04F79EFBC}") = "NoteTaker.Shared", "NoteTaker.Shared\NoteTaker.Shared.csproj", "{C2F821CC-6A8F-406B-B893-9FA6FB42E0DD}"
EndProject
Project("{2150E333-8FDC-42A3-9474-1A3956D46DE8}") = "Notes", "Notes", "{1B19562E-EBF7-45C5-A251-80FD9E709F5F}"
EndProject
Project("{2150E333-8FDC-42A3-9474-1A3956D46DE8}") = "WUG", "WUG", "{FACB82B0-4DE8-45BF-9B79-7E79288DB7F4}"
EndProject
Project("{FAE04EC0-301F-11D3-BF4B-00C04F79EFBC}") = "WUG.Client.Droid", "WUG.Client.Droid\WUG.Client.Droid.csproj", "{76969F98-80A1-4B2E-8723-2964C4331B32}"
EndProject
Project("{FAE04EC0-301F-11D3-BF4B-00C04F79EFBC}") = "WUG.Client.Shared", "WUG.Client.Shared\WUG.Client.Shared.csproj", "{B59D0083-0602-4679-858A-33A956886202}"
EndProject
Project("{FAE04EC0-301F-11D3-BF4B-00C04F79EFBC}") = "WUG.Core.Services.DataEntities", "WUG.Core.Services.DataEntities\WUG.Core.Services.DataEntities.csproj", "{3040ACCF-BB63-455B-8999-3C87FD12691E}"
EndProject
Global
	GlobalSection(SolutionConfigurationPlatforms) = preSolution
		Debug|Any CPU = Debug|Any CPU
		Release|Any CPU = Release|Any CPU
	EndGlobalSection
	GlobalSection(ProjectConfigurationPlatforms) = postSolution
		{78A68995-EC52-4EF6-8804-E995E7659EE9}.Debug|Any CPU.ActiveCfg = Debug|Any CPU
		{78A68995-EC52-4EF6-8804-E995E7659EE9}.Debug|Any CPU.Build.0 = Debug|Any CPU
		{78A68995-EC52-4EF6-8804-E995E7659EE9}.Debug|Any CPU.Deploy.0 = Debug|Any CPU
		{78A68995-EC52-4EF6-8804-E995E7659EE9}.Release|Any CPU.ActiveCfg = Release|Any CPU
		{78A68995-EC52-4EF6-8804-E995E7659EE9}.Release|Any CPU.Build.0 = Release|Any CPU
		{78A68995-EC52-4EF6-8804-E995E7659EE9}.Release|Any CPU.Deploy.0 = Release|Any CPU
		{C2F821CC-6A8F-406B-B893-9FA6FB42E0DD}.Debug|Any CPU.ActiveCfg = Debug|Any CPU
		{C2F821CC-6A8F-406B-B893-9FA6FB42E0DD}.Debug|Any CPU.Build.0 = Debug|Any CPU
		{C2F821CC-6A8F-406B-B893-9FA6FB42E0DD}.Release|Any CPU.ActiveCfg = Release|Any CPU
		{C2F821CC-6A8F-406B-B893-9FA6FB42E0DD}.Release|Any CPU.Build.0 = Release|Any CPU
		{76969F98-80A1-4B2E-8723-2964C4331B32}.Debug|Any CPU.ActiveCfg = Debug|Any CPU
		{76969F98-80A1-4B2E-8723-2964C4331B32}.Debug|Any CPU.Build.0 = Debug|Any CPU
		{76969F98-80A1-4B2E-8723-2964C4331B32}.Debug|Any CPU.Deploy.0 = Debug|Any CPU
		{76969F98-80A1-4B2E-8723-2964C4331B32}.Release|Any CPU.ActiveCfg = Release|Any CPU
		{76969F98-80A1-4B2E-8723-2964C4331B32}.Release|Any CPU.Build.0 = Release|Any CPU
		{76969F98-80A1-4B2E-8723-2964C4331B32}.Release|Any CPU.Deploy.0 = Release|Any CPU
		{B59D0083-0602-4679-858A-33A956886202}.Debug|Any CPU.ActiveCfg = Debug|Any CPU
		{B59D0083-0602-4679-858A-33A956886202}.Debug|Any CPU.Build.0 = Debug|Any CPU
		{B59D0083-0602-4679-858A-33A956886202}.Release|Any CPU.ActiveCfg = Release|Any CPU
		{B59D0083-0602-4679-858A-33A956886202}.Release|Any CPU.Build.0 = Release|Any CPU
		{3040ACCF-BB63-455B-8999-3C87FD12691E}.Debug|Any CPU.ActiveCfg = Debug|Any CPU
		{3040ACCF-BB63-455B-8999-3C87FD12691E}.Debug|Any CPU.Build.0 = Debug|Any CPU
		{3040ACCF-BB63-455B-8999-3C87FD12691E}.Release|Any CPU.ActiveCfg = Release|Any CPU
		{3040ACCF-BB63-455B-8999-3C87FD12691E}.Release|Any CPU.Build.0 = Release|Any CPU
	EndGlobalSection
	GlobalSection(SolutionProperties) = preSolution
		HideSolutionNode = FALSE
	EndGlobalSection
	GlobalSection(NestedProjects) = preSolution
		{78A68995-EC52-4EF6-8804-E995E7659EE9} = {1B19562E-EBF7-45C5-A251-80FD9E709F5F}
		{C2F821CC-6A8F-406B-B893-9FA6FB42E0DD} = {1B19562E-EBF7-45C5-A251-80FD9E709F5F}
		{76969F98-80A1-4B2E-8723-2964C4331B32} = {FACB82B0-4DE8-45BF-9B79-7E79288DB7F4}
		{B59D0083-0602-4679-858A-33A956886202} = {FACB82B0-4DE8-45BF-9B79-7E79288DB7F4}
		{3040ACCF-BB63-455B-8999-3C87FD12691E} = {FACB82B0-4DE8-45BF-9B79-7E79288DB7F4}
	EndGlobalSection
EndGlobal
